
Microsoft Visual Studio Solution File, Format Version 12.00
# Visual Studio Version 17
VisualStudioVersion = 17.11.35303.130
MinimumVisualStudioVersion = 10.0.40219.1
Project("{9092AA53-FB77-4645-B42D-1CCCA6BD08BD}") = "NodejsConsoleApp1wzReact", "NodejsConsoleApp1wzReact\NodejsConsoleApp1wzReact.njsproj", "{4FF8090B-A135-4861-9A69-801B668127BE}"
EndProject
Global
	GlobalSection(SolutionConfigurationPlatforms) = preSolution
		Debug|Any CPU = Debug|Any CPU
		Release|Any CPU = Release|Any CPU
	EndGlobalSection
	GlobalSection(ProjectConfigurationPlatforms) = postSolution
		{4FF8090B-A135-4861-9A69-801B668127BE}.Debug|Any CPU.ActiveCfg = Debug|Any CPU
		{4FF8090B-A135-4861-9A69-801B668127BE}.Debug|Any CPU.Build.0 = Debug|Any CPU
		{4FF8090B-A135-4861-9A69-801B668127BE}.Release|Any CPU.ActiveCfg = Release|Any CPU
		{4FF8090B-A135-4861-9A69-801B668127BE}.Release|Any CPU.Build.0 = Release|Any CPU
	EndGlobalSection
	GlobalSection(SolutionProperties) = preSolution
		HideSolutionNode = FALSE
	EndGlobalSection
	GlobalSection(ExtensibilityGlobals) = postSolution
		SolutionGuid = {4DF02653-3246-4FBB-987D-1F4E6070E294}
	EndGlobalSection
EndGlobal
